# This file is automatically @generated by Cargo.
# It is not intended for manual editing.
version = 3

[[package]]
name = "data-encoding"
version = "2.3.2"
source = "registry+https://github.com/rust-lang/crates.io-index"
checksum = "3ee2393c4a91429dffb4bedf19f4d6abf27d8a732c8ce4980305d782e5426d57"

[[package]]
name = "image_compare"
version = "0.1.0"
dependencies = [
 "data-encoding",
 "md5",
]

[[package]]
name = "md5"
version = "0.7.0"
source = "registry+https://github.com/rust-lang/crates.io-index"
checksum = "490cc448043f947bae3cbee9c203358d62dbee0db12107a74be5c30ccfd09771"
